
Microsoft Visual Studio Solution File, Format Version 12.00
# Visual Studio Version 16
VisualStudioVersion = 16.0.29905.134
MinimumVisualStudioVersion = 10.0.40219.1
Project("{9A19103F-16F7-4668-BE54-9A1E7A4F7556}") = "JustRentItPapi", "JustRentItPapi\JustRentItPapi.csproj", "{AC764590-DFE7-43E1-9A3B-47E755C0FDDD}"
EndProject
Global
	GlobalSection(SolutionConfigurationPlatforms) = preSolution
		Debug|Any CPU = Debug|Any CPU
		Release|Any CPU = Release|Any CPU
	EndGlobalSection
	GlobalSection(ProjectConfigurationPlatforms) = postSolution
		{AC764590-DFE7-43E1-9A3B-47E755C0FDDD}.Debug|Any CPU.ActiveCfg = Debug|Any CPU
		{AC764590-DFE7-43E1-9A3B-47E755C0FDDD}.Debug|Any CPU.Build.0 = Debug|Any CPU
		{AC764590-DFE7-43E1-9A3B-47E755C0FDDD}.Release|Any CPU.ActiveCfg = Release|Any CPU
		{AC764590-DFE7-43E1-9A3B-47E755C0FDDD}.Release|Any CPU.Build.0 = Release|Any CPU
	EndGlobalSection
	GlobalSection(SolutionProperties) = preSolution
		HideSolutionNode = FALSE
	EndGlobalSection
	GlobalSection(ExtensibilityGlobals) = postSolution
		SolutionGuid = {1BA52E10-6B3B-458C-8B27-B9607E0DBB6C}
	EndGlobalSection
EndGlobal
